<?xml version="1.0" encoding="utf-8"?>
<Project ToolsVersion="4.0" xmlns="http://schemas.microsoft.com/developer/msbuild/2003">
  <ItemGroup>
    <Filter Include="vendor">
      <UniqueIdentifier>{B3738122-9F15-ACF8-88D0-BF4C74113349}</UniqueIdentifier>
    </Filter>
    <Filter Include="vendor\googletest">
      <UniqueIdentifier>{5F6FC487-CB85-C21D-14FD-4D3F805293A5}</UniqueIdentifier>
    </Filter>
    <Filter Include="vendor\googletest\googletest">
      <UniqueIdentifier>{8B47D75F-7702-C70B-20BA-3F560C54119C}</UniqueIdentifier>
    </Filter>
    <Filter Include="vendor\googletest\googletest\src">
      <UniqueIdentifier>{22D31182-0E24-FDC3-3788-EB852338902D}</UniqueIdentifier>
    </Filter>
  </ItemGroup>
  <ItemGroup>
    <ClCompile Include="..\vendor\googletest\googletest\src\gtest-all.cc">
      <Filter>vendor\googletest\googletest\src</Filter>
    </ClCompile>
    <ClCompile Include="main.cpp" />
    <ClCompile Include="logger_tests.cpp" />
    <ClCompile Include="source_code_tests.cpp" />
  </ItemGroup>
  <ItemGroup>
    <Text Include="support\add_file_helper.txt" />
  </ItemGroup>
</Project>